
Microsoft Visual Studio Solution File, Format Version 12.00
# Visual Studio Version 17
VisualStudioVersion = 17.1.32319.34
MinimumVisualStudioVersion = 10.0.40219.1
Project("{8BC9CEB8-8B4A-11D0-8D11-00A0C91BC942}") = "LinkedList", "LinkedList.vcxproj", "{25F9BAC6-DAF5-4F04-B09B-0FD5403DD803}"
EndProject
Global
	GlobalSection(SolutionConfigurationPlatforms) = preSolution
		Debug|x64 = Debug|x64
		Debug|x86 = Debug|x86
		Release|x64 = Release|x64
		Release|x86 = Release|x86
	EndGlobalSection
	GlobalSection(ProjectConfigurationPlatforms) = postSolution
		{25F9BAC6-DAF5-4F04-B09B-0FD5403DD803}.Debug|x64.ActiveCfg = Debug|x64
		{25F9BAC6-DAF5-4F04-B09B-0FD5403DD803}.Debug|x64.Build.0 = Debug|x64
		{25F9BAC6-DAF5-4F04-B09B-0FD5403DD803}.Debug|x86.ActiveCfg = Debug|Win32
		{25F9BAC6-DAF5-4F04-B09B-0FD5403DD803}.Debug|x86.Build.0 = Debug|Win32
		{25F9BAC6-DAF5-4F04-B09B-0FD5403DD803}.Release|x64.ActiveCfg = Release|x64
		{25F9BAC6-DAF5-4F04-B09B-0FD5403DD803}.Release|x64.Build.0 = Release|x64
		{25F9BAC6-DAF5-4F04-B09B-0FD5403DD803}.Release|x86.ActiveCfg = Release|Win32
		{25F9BAC6-DAF5-4F04-B09B-0FD5403DD803}.Release|x86.Build.0 = Release|Win32
	EndGlobalSection
	GlobalSection(SolutionProperties) = preSolution
		HideSolutionNode = FALSE
	EndGlobalSection
	GlobalSection(ExtensibilityGlobals) = postSolution
		SolutionGuid = {F4AF1DF3-D928-4C82-8621-85F570C8FD0A}
	EndGlobalSection
EndGlobal
